
Microsoft Visual Studio Solution File, Format Version 12.00
# Visual Studio 15
VisualStudioVersion = 15.0.28010.2050
MinimumVisualStudioVersion = 10.0.40219.1
Project("{FAE04EC0-301F-11D3-BF4B-00C04F79EFBC}") = "CN_Main", "CN_Main\CN_Main.csproj", "{4BBBEDAE-F10A-4D8A-B9ED-82FD4BBFB287}"
EndProject
Project("{FAE04EC0-301F-11D3-BF4B-00C04F79EFBC}") = "CN_Business", "..\CN_Business\CN_Business.csproj", "{4DCBCCF1-B662-45AF-BEFC-ED233F6A395F}"
EndProject
Project("{FAE04EC0-301F-11D3-BF4B-00C04F79EFBC}") = "CN_Modeling", "..\CN_Modeling\CN_Modeling.csproj", "{DC9A14B1-385D-40CC-80B5-5CCD4B121627}"
EndProject
Global
	GlobalSection(SolutionConfigurationPlatforms) = preSolution
		Debug|Any CPU = Debug|Any CPU
		Release|Any CPU = Release|Any CPU
	EndGlobalSection
	GlobalSection(ProjectConfigurationPlatforms) = postSolution
		{4BBBEDAE-F10A-4D8A-B9ED-82FD4BBFB287}.Debug|Any CPU.ActiveCfg = Debug|Any CPU
		{4BBBEDAE-F10A-4D8A-B9ED-82FD4BBFB287}.Debug|Any CPU.Build.0 = Debug|Any CPU
		{4BBBEDAE-F10A-4D8A-B9ED-82FD4BBFB287}.Release|Any CPU.ActiveCfg = Release|Any CPU
		{4BBBEDAE-F10A-4D8A-B9ED-82FD4BBFB287}.Release|Any CPU.Build.0 = Release|Any CPU
		{4DCBCCF1-B662-45AF-BEFC-ED233F6A395F}.Debug|Any CPU.ActiveCfg = Debug|Any CPU
		{4DCBCCF1-B662-45AF-BEFC-ED233F6A395F}.Debug|Any CPU.Build.0 = Debug|Any CPU
		{4DCBCCF1-B662-45AF-BEFC-ED233F6A395F}.Release|Any CPU.ActiveCfg = Release|Any CPU
		{4DCBCCF1-B662-45AF-BEFC-ED233F6A395F}.Release|Any CPU.Build.0 = Release|Any CPU
		{DC9A14B1-385D-40CC-80B5-5CCD4B121627}.Debug|Any CPU.ActiveCfg = Debug|Any CPU
		{DC9A14B1-385D-40CC-80B5-5CCD4B121627}.Debug|Any CPU.Build.0 = Debug|Any CPU
		{DC9A14B1-385D-40CC-80B5-5CCD4B121627}.Release|Any CPU.ActiveCfg = Release|Any CPU
		{DC9A14B1-385D-40CC-80B5-5CCD4B121627}.Release|Any CPU.Build.0 = Release|Any CPU
	EndGlobalSection
	GlobalSection(SolutionProperties) = preSolution
		HideSolutionNode = FALSE
	EndGlobalSection
	GlobalSection(ExtensibilityGlobals) = postSolution
		SolutionGuid = {E9099A2D-55EC-4F76-97DA-95DCCA6DF962}
	EndGlobalSection
EndGlobal
